{
  "name": "@actualwave/deferred-data-access",
  "version": "2.0.0",
  "lockfileVersion": 2,
  "requires": true,
  "packages": {
    "": {
      "name": "@actualwave/deferred-data-access",
      "version": "2.0.0",
      "dependencies": {
        "@actualwave/has-own": "^0.0.3",
        "@actualwave/weak-storage": "^0.1.0"
      }
    },
    "node_modules/@actualwave/has-own": {
      "version": "0.0.3",
      "resolved": "https://registry.npmjs.org/@actualwave/has-own/-/has-own-0.0.3.tgz",
      "integrity": "sha512-H7H7bE56spBl1EPJk/4iw4WWqIpYxmESw15c+1y8R5OH8F9HLdRD0T1eGzuMAfkZob6ecgpZoh45q/+A3z7okw=="
    },
    "node_modules/@actualwave/weak-storage": {
      "version": "0.1.0",
      "resolved": "https://registry.npmjs.org/@actualwave/weak-storage/-/weak-storage-0.1.0.tgz",
      "integrity": "sha512-tZltOrE6GGKPdWvd6KhdtGt0aQRUBSofrd7iaUs7MGplkDHlXzunpVIhCr4EGURjnKd7hRtaFvfNamJJNqBkiQ=="
    }
  },
  "dependencies": {
    "@actualwave/has-own": {
      "version": "0.0.3",
      "resolved": "https://registry.npmjs.org/@actualwave/has-own/-/has-own-0.0.3.tgz",
      "integrity": "sha512-H7H7bE56spBl1EPJk/4iw4WWqIpYxmESw15c+1y8R5OH8F9HLdRD0T1eGzuMAfkZob6ecgpZoh45q/+A3z7okw=="
    },
    "@actualwave/weak-storage": {
      "version": "0.1.0",
      "resolved": "https://registry.npmjs.org/@actualwave/weak-storage/-/weak-storage-0.1.0.tgz",
      "integrity": "sha512-tZltOrE6GGKPdWvd6KhdtGt0aQRUBSofrd7iaUs7MGplkDHlXzunpVIhCr4EGURjnKd7hRtaFvfNamJJNqBkiQ=="
    }
  }
}
